
Microsoft Visual Studio Solution File, Format Version 12.00
# Visual Studio Version 17
VisualStudioVersion = 17.9.34701.34
MinimumVisualStudioVersion = 10.0.40219.1
Project("{FAE04EC0-301F-11D3-BF4B-00C04F79EFBC}") = "ML.NET test", "ML.NET test.csproj", "{11DC6B87-A4C4-4D6E-B78C-E64944E0B3A6}"
EndProject
Global
	GlobalSection(SolutionConfigurationPlatforms) = preSolution
		Debug|Any CPU = Debug|Any CPU
		Release|Any CPU = Release|Any CPU
	EndGlobalSection
	GlobalSection(ProjectConfigurationPlatforms) = postSolution
		{11DC6B87-A4C4-4D6E-B78C-E64944E0B3A6}.Debug|Any CPU.ActiveCfg = Debug|Any CPU
		{11DC6B87-A4C4-4D6E-B78C-E64944E0B3A6}.Debug|Any CPU.Build.0 = Debug|Any CPU
		{11DC6B87-A4C4-4D6E-B78C-E64944E0B3A6}.Release|Any CPU.ActiveCfg = Release|Any CPU
		{11DC6B87-A4C4-4D6E-B78C-E64944E0B3A6}.Release|Any CPU.Build.0 = Release|Any CPU
	EndGlobalSection
	GlobalSection(SolutionProperties) = preSolution
		HideSolutionNode = FALSE
	EndGlobalSection
	GlobalSection(ExtensibilityGlobals) = postSolution
		SolutionGuid = {6CA1558C-BD40-42C4-B22B-A9D3F677F572}
	EndGlobalSection
EndGlobal
